
Microsoft Visual Studio Solution File, Format Version 12.00
# Visual Studio Version 17
VisualStudioVersion = 17.11.35431.28
MinimumVisualStudioVersion = 10.0.40219.1
Project("{8BC9CEB8-8B4A-11D0-8D11-00A0C91BC942}") = "EditorBMP", "EditorBMP\EditorBMP.vcxproj", "{5C94AB47-AF9C-4FD2-94B4-F2AF2410D306}"
EndProject
Global
	GlobalSection(SolutionConfigurationPlatforms) = preSolution
		Debug|x64 = Debug|x64
		Debug|x86 = Debug|x86
		Release|x64 = Release|x64
		Release|x86 = Release|x86
	EndGlobalSection
	GlobalSection(ProjectConfigurationPlatforms) = postSolution
		{5C94AB47-AF9C-4FD2-94B4-F2AF2410D306}.Debug|x64.ActiveCfg = Debug|x64
		{5C94AB47-AF9C-4FD2-94B4-F2AF2410D306}.Debug|x64.Build.0 = Debug|x64
		{5C94AB47-AF9C-4FD2-94B4-F2AF2410D306}.Debug|x86.ActiveCfg = Debug|Win32
		{5C94AB47-AF9C-4FD2-94B4-F2AF2410D306}.Debug|x86.Build.0 = Debug|Win32
		{5C94AB47-AF9C-4FD2-94B4-F2AF2410D306}.Release|x64.ActiveCfg = Release|x64
		{5C94AB47-AF9C-4FD2-94B4-F2AF2410D306}.Release|x64.Build.0 = Release|x64
		{5C94AB47-AF9C-4FD2-94B4-F2AF2410D306}.Release|x86.ActiveCfg = Release|Win32
		{5C94AB47-AF9C-4FD2-94B4-F2AF2410D306}.Release|x86.Build.0 = Release|Win32
	EndGlobalSection
	GlobalSection(SolutionProperties) = preSolution
		HideSolutionNode = FALSE
	EndGlobalSection
	GlobalSection(ExtensibilityGlobals) = postSolution
		SolutionGuid = {CB80B09F-930F-4E16-8255-F952CB88C588}
	EndGlobalSection
EndGlobal
